
Microsoft Visual Studio Solution File, Format Version 12.00
# Visual Studio Version 17
VisualStudioVersion = 17.9.34728.123
MinimumVisualStudioVersion = 10.0.40219.1
Project("{FAE04EC0-301F-11D3-BF4B-00C04F79EFBC}") = "GitHubBlazorDemo", "GitHubBlazorDemo\GitHubBlazorDemo.csproj", "{56A127C4-5483-426E-B4B1-24A10B307BBD}"
EndProject
Global
	GlobalSection(SolutionConfigurationPlatforms) = preSolution
		Debug|Any CPU = Debug|Any CPU
		Release|Any CPU = Release|Any CPU
	EndGlobalSection
	GlobalSection(ProjectConfigurationPlatforms) = postSolution
		{56A127C4-5483-426E-B4B1-24A10B307BBD}.Debug|Any CPU.ActiveCfg = Debug|Any CPU
		{56A127C4-5483-426E-B4B1-24A10B307BBD}.Debug|Any CPU.Build.0 = Debug|Any CPU
		{56A127C4-5483-426E-B4B1-24A10B307BBD}.Release|Any CPU.ActiveCfg = Release|Any CPU
		{56A127C4-5483-426E-B4B1-24A10B307BBD}.Release|Any CPU.Build.0 = Release|Any CPU
	EndGlobalSection
	GlobalSection(SolutionProperties) = preSolution
		HideSolutionNode = FALSE
	EndGlobalSection
	GlobalSection(ExtensibilityGlobals) = postSolution
		SolutionGuid = {21EEDF8A-93A4-40E4-9706-11DB3DBBB005}
	EndGlobalSection
EndGlobal
